Microsoft Visual Studio Solution File, Format Version 12.00
# Visual Studio 15
VisualStudioVersion = 15.0.26730.16
MinimumVisualStudioVersion = 10.0.40219.1
Project("{FAE04EC0-301F-11D3-BF4B-00C04F79EFBC}") = "GigHub", "GigHub\GigHub.csproj", "{C957D49F-8DFD-4DC2-A31A-110F519E9B37}"
EndProject
Project("{FAE04EC0-301F-11D3-BF4B-00C04F79EFBC}") = "GigHub.Tests", "GigHub.Tests\GigHub.Tests.csproj", "{66DD6B30-6D9E-4484-B899-6A4343795F8A}"
EndProject
Project("{FAE04EC0-301F-11D3-BF4B-00C04F79EFBC}") = "GigHub.IntegrationTests", "GigHub.IntegrationTests\GigHub.IntegrationTests.csproj", "{ECDECE04-8DB6-4360-87C7-9C12814E6D51}"
EndProject
Global
	GlobalSection(SolutionConfigurationPlatforms) = preSolution
		Debug|Any CPU = Debug|Any CPU
		Release|Any CPU = Release|Any CPU
	EndGlobalSection
	GlobalSection(ProjectConfigurationPlatforms) = postSolution
		{C957D49F-8DFD-4DC2-A31A-110F519E9B37}.Debug|Any CPU.ActiveCfg = Debug|Any CPU
		{C957D49F-8DFD-4DC2-A31A-110F519E9B37}.Debug|Any CPU.Build.0 = Debug|Any CPU
		{C957D49F-8DFD-4DC2-A31A-110F519E9B37}.Release|Any CPU.ActiveCfg = Release|Any CPU
		{C957D49F-8DFD-4DC2-A31A-110F519E9B37}.Release|Any CPU.Build.0 = Release|Any CPU
		{66DD6B30-6D9E-4484-B899-6A4343795F8A}.Debug|Any CPU.ActiveCfg = Debug|Any CPU
		{66DD6B30-6D9E-4484-B899-6A4343795F8A}.Debug|Any CPU.Build.0 = Debug|Any CPU
		{66DD6B30-6D9E-4484-B899-6A4343795F8A}.Release|Any CPU.ActiveCfg = Release|Any CPU
		{66DD6B30-6D9E-4484-B899-6A4343795F8A}.Release|Any CPU.Build.0 = Release|Any CPU
		{ECDECE04-8DB6-4360-87C7-9C12814E6D51}.Debug|Any CPU.ActiveCfg = Debug|Any CPU
		{ECDECE04-8DB6-4360-87C7-9C12814E6D51}.Debug|Any CPU.Build.0 = Debug|Any CPU
		{ECDECE04-8DB6-4360-87C7-9C12814E6D51}.Release|Any CPU.ActiveCfg = Release|Any CPU
		{ECDECE04-8DB6-4360-87C7-9C12814E6D51}.Release|Any CPU.Build.0 = Release|Any CPU
	EndGlobalSection
	GlobalSection(SolutionProperties) = preSolution
		HideSolutionNode = FALSE
	EndGlobalSection
	GlobalSection(ExtensibilityGlobals) = postSolution
		SolutionGuid = {F38A1BF2-FD34-4C61-84B4-A7C6340A630C}
	EndGlobalSection
EndGlobal
